
Microsoft Visual Studio Solution File, Format Version 12.00
# Visual Studio Version 17
VisualStudioVersion = 17.9.34622.214
MinimumVisualStudioVersion = 10.0.40219.1
Project("{FAE04EC0-301F-11D3-BF4B-00C04F79EFBC}") = "GestaoDeLaboratorios", "GestaoDeLaboratorios.csproj", "{27FC3DBD-9811-4EA2-8155-AE2718B0F4CA}"
EndProject
Global
	GlobalSection(SolutionConfigurationPlatforms) = preSolution
		Debug|Any CPU = Debug|Any CPU
		Release|Any CPU = Release|Any CPU
	EndGlobalSection
	GlobalSection(ProjectConfigurationPlatforms) = postSolution
		{27FC3DBD-9811-4EA2-8155-AE2718B0F4CA}.Debug|Any CPU.ActiveCfg = Debug|Any CPU
		{27FC3DBD-9811-4EA2-8155-AE2718B0F4CA}.Debug|Any CPU.Build.0 = Debug|Any CPU
		{27FC3DBD-9811-4EA2-8155-AE2718B0F4CA}.Release|Any CPU.ActiveCfg = Release|Any CPU
		{27FC3DBD-9811-4EA2-8155-AE2718B0F4CA}.Release|Any CPU.Build.0 = Release|Any CPU
	EndGlobalSection
	GlobalSection(SolutionProperties) = preSolution
		HideSolutionNode = FALSE
	EndGlobalSection
	GlobalSection(ExtensibilityGlobals) = postSolution
		SolutionGuid = {8F01DD28-85CC-4F79-ABF3-CC03B0CDC1E0}
	EndGlobalSection
EndGlobal
